
Microsoft Visual Studio Solution File, Format Version 12.00
# Visual Studio Version 16
VisualStudioVersion = 16.6.30114.105
MinimumVisualStudioVersion = 10.0.40219.1
Project("{9A19103F-16F7-4668-BE54-9A1E7A4F7556}") = "R5T.T0112", "R5T.T0112\R5T.T0112.csproj", "{074BB552-C805-4A40-84BD-3447320DA5D4}"
EndProject
Project("{2150E333-8FDC-42A3-9474-1A3956D46DE8}") = "_Dependencies", "_Dependencies", "{B4730BB0-EBDE-416C-BB1D-7BFF3A16E264}"
EndProject
Project("{9A19103F-16F7-4668-BE54-9A1E7A4F7556}") = "R5T.T0039.T002", "..\..\R5T.T0039\source\R5T.T0039.T002\R5T.T0039.T002.csproj", "{D9AAE1EC-F4AA-42B2-9E0D-E978D1434B32}"
EndProject
Project("{9A19103F-16F7-4668-BE54-9A1E7A4F7556}") = "R5T.T0112.X001", "R5T.T0112.X001\R5T.T0112.X001.csproj", "{B8D25FF0-B815-4A38-A4EE-27CD935C67A1}"
EndProject
Project("{9A19103F-16F7-4668-BE54-9A1E7A4F7556}") = "R5T.Magyar", "..\..\R5T.Magyar\source\R5T.Magyar\R5T.Magyar.csproj", "{6A5ABB56-B55B-49D9-8EBC-9A38452E614E}"
EndProject
Project("{FAE04EC0-301F-11D3-BF4B-00C04F79EFBC}") = "R5T.T0112.X002", "R5T.T0112.X002\R5T.T0112.X002.csproj", "{4AD2DE37-8864-419A-9204-E562F6FAB116}"
EndProject
Global
	GlobalSection(SolutionConfigurationPlatforms) = preSolution
		Debug|Any CPU = Debug|Any CPU
		Debug|x64 = Debug|x64
		Debug|x86 = Debug|x86
		Release|Any CPU = Release|Any CPU
		Release|x64 = Release|x64
		Release|x86 = Release|x86
	EndGlobalSection
	GlobalSection(ProjectConfigurationPlatforms) = postSolution
		{074BB552-C805-4A40-84BD-3447320DA5D4}.Debug|Any CPU.ActiveCfg = Debug|Any CPU
		{074BB552-C805-4A40-84BD-3447320DA5D4}.Debug|Any CPU.Build.0 = Debug|Any CPU
		{074BB552-C805-4A40-84BD-3447320DA5D4}.Debug|x64.ActiveCfg = Debug|Any CPU
		{074BB552-C805-4A40-84BD-3447320DA5D4}.Debug|x64.Build.0 = Debug|Any CPU
		{074BB552-C805-4A40-84BD-3447320DA5D4}.Debug|x86.ActiveCfg = Debug|Any CPU
		{074BB552-C805-4A40-84BD-3447320DA5D4}.Debug|x86.Build.0 = Debug|Any CPU
		{074BB552-C805-4A40-84BD-3447320DA5D4}.Release|Any CPU.ActiveCfg = Release|Any CPU
		{074BB552-C805-4A40-84BD-3447320DA5D4}.Release|Any CPU.Build.0 = Release|Any CPU
		{074BB552-C805-4A40-84BD-3447320DA5D4}.Release|x64.ActiveCfg = Release|Any CPU
		{074BB552-C805-4A40-84BD-3447320DA5D4}.Release|x64.Build.0 = Release|Any CPU
		{074BB552-C805-4A40-84BD-3447320DA5D4}.Release|x86.ActiveCfg = Release|Any CPU
		{074BB552-C805-4A40-84BD-3447320DA5D4}.Release|x86.Build.0 = Release|Any CPU
		{D9AAE1EC-F4AA-42B2-9E0D-E978D1434B32}.Debug|Any CPU.ActiveCfg = Debug|Any CPU
		{D9AAE1EC-F4AA-42B2-9E0D-E978D1434B32}.Debug|Any CPU.Build.0 = Debug|Any CPU
		{D9AAE1EC-F4AA-42B2-9E0D-E978D1434B32}.Debug|x64.ActiveCfg = Debug|Any CPU
		{D9AAE1EC-F4AA-42B2-9E0D-E978D1434B32}.Debug|x64.Build.0 = Debug|Any CPU
		{D9AAE1EC-F4AA-42B2-9E0D-E978D1434B32}.Debug|x86.ActiveCfg = Debug|Any CPU
		{D9AAE1EC-F4AA-42B2-9E0D-E978D1434B32}.Debug|x86.Build.0 = Debug|Any CPU
		{D9AAE1EC-F4AA-42B2-9E0D-E978D1434B32}.Release|Any CPU.ActiveCfg = Release|Any CPU
		{D9AAE1EC-F4AA-42B2-9E0D-E978D1434B32}.Release|Any CPU.Build.0 = Release|Any CPU
		{D9AAE1EC-F4AA-42B2-9E0D-E978D1434B32}.Release|x64.ActiveCfg = Release|Any CPU
		{D9AAE1EC-F4AA-42B2-9E0D-E978D1434B32}.Release|x64.Build.0 = Release|Any CPU
		{D9AAE1EC-F4AA-42B2-9E0D-E978D1434B32}.Release|x86.ActiveCfg = Release|Any CPU
		{D9AAE1EC-F4AA-42B2-9E0D-E978D1434B32}.Release|x86.Build.0 = Release|Any CPU
		{B8D25FF0-B815-4A38-A4EE-27CD935C67A1}.Debug|Any CPU.ActiveCfg = Debug|Any CPU
		{B8D25FF0-B815-4A38-A4EE-27CD935C67A1}.Debug|Any CPU.Build.0 = Debug|Any CPU
		{B8D25FF0-B815-4A38-A4EE-27CD935C67A1}.Debug|x64.ActiveCfg = Debug|Any CPU
		{B8D25FF0-B815-4A38-A4EE-27CD935C67A1}.Debug|x64.Build.0 = Debug|Any CPU
		{B8D25FF0-B815-4A38-A4EE-27CD935C67A1}.Debug|x86.ActiveCfg = Debug|Any CPU
		{B8D25FF0-B815-4A38-A4EE-27CD935C67A1}.Debug|x86.Build.0 = Debug|Any CPU
		{B8D25FF0-B815-4A38-A4EE-27CD935C67A1}.Release|Any CPU.ActiveCfg = Release|Any CPU
		{B8D25FF0-B815-4A38-A4EE-27CD935C67A1}.Release|Any CPU.Build.0 = Release|Any CPU
		{B8D25FF0-B815-4A38-A4EE-27CD935C67A1}.Release|x64.ActiveCfg = Release|Any CPU
		{B8D25FF0-B815-4A38-A4EE-27CD935C67A1}.Release|x64.Build.0 = Release|Any CPU
		{B8D25FF0-B815-4A38-A4EE-27CD935C67A1}.Release|x86.ActiveCfg = Release|Any CPU
		{B8D25FF0-B815-4A38-A4EE-27CD935C67A1}.Release|x86.Build.0 = Release|Any CPU
		{6A5ABB56-B55B-49D9-8EBC-9A38452E614E}.Debug|Any CPU.ActiveCfg = Debug|Any CPU
		{6A5ABB56-B55B-49D9-8EBC-9A38452E614E}.Debug|Any CPU.Build.0 = Debug|Any CPU
		{6A5ABB56-B55B-49D9-8EBC-9A38452E614E}.Debug|x64.ActiveCfg = Debug|Any CPU
		{6A5ABB56-B55B-49D9-8EBC-9A38452E614E}.Debug|x64.Build.0 = Debug|Any CPU
		{6A5ABB56-B55B-49D9-8EBC-9A38452E614E}.Debug|x86.ActiveCfg = Debug|Any CPU
		{6A5ABB56-B55B-49D9-8EBC-9A38452E614E}.Debug|x86.Build.0 = Debug|Any CPU
		{6A5ABB56-B55B-49D9-8EBC-9A38452E614E}.Release|Any CPU.ActiveCfg = Release|Any CPU
		{6A5ABB56-B55B-49D9-8EBC-9A38452E614E}.Release|Any CPU.Build.0 = Release|Any CPU
		{6A5ABB56-B55B-49D9-8EBC-9A38452E614E}.Release|x64.ActiveCfg = Release|Any CPU
		{6A5ABB56-B55B-49D9-8EBC-9A38452E614E}.Release|x64.Build.0 = Release|Any CPU
		{6A5ABB56-B55B-49D9-8EBC-9A38452E614E}.Release|x86.ActiveCfg = Release|Any CPU
		{6A5ABB56-B55B-49D9-8EBC-9A38452E614E}.Release|x86.Build.0 = Release|Any CPU
		{4AD2DE37-8864-419A-9204-E562F6FAB116}.Debug|Any CPU.ActiveCfg = Debug|Any CPU
		{4AD2DE37-8864-419A-9204-E562F6FAB116}.Debug|Any CPU.Build.0 = Debug|Any CPU
		{4AD2DE37-8864-419A-9204-E562F6FAB116}.Debug|x64.ActiveCfg = Debug|Any CPU
		{4AD2DE37-8864-419A-9204-E562F6FAB116}.Debug|x64.Build.0 = Debug|Any CPU
		{4AD2DE37-8864-419A-9204-E562F6FAB116}.Debug|x86.ActiveCfg = Debug|Any CPU
		{4AD2DE37-8864-419A-9204-E562F6FAB116}.Debug|x86.Build.0 = Debug|Any CPU
		{4AD2DE37-8864-419A-9204-E562F6FAB116}.Release|Any CPU.ActiveCfg = Release|Any CPU
		{4AD2DE37-8864-419A-9204-E562F6FAB116}.Release|Any CPU.Build.0 = Release|Any CPU
		{4AD2DE37-8864-419A-9204-E562F6FAB116}.Release|x64.ActiveCfg = Release|Any CPU
		{4AD2DE37-8864-419A-9204-E562F6FAB116}.Release|x64.Build.0 = Release|Any CPU
		{4AD2DE37-8864-419A-9204-E562F6FAB116}.Release|x86.ActiveCfg = Release|Any CPU
		{4AD2DE37-8864-419A-9204-E562F6FAB116}.Release|x86.Build.0 = Release|Any CPU
	EndGlobalSection
	GlobalSection(SolutionProperties) = preSolution
		HideSolutionNode = FALSE
	EndGlobalSection
	GlobalSection(NestedProjects) = preSolution
		{D9AAE1EC-F4AA-42B2-9E0D-E978D1434B32} = {B4730BB0-EBDE-416C-BB1D-7BFF3A16E264}
		{6A5ABB56-B55B-49D9-8EBC-9A38452E614E} = {B4730BB0-EBDE-416C-BB1D-7BFF3A16E264}
	EndGlobalSection
	GlobalSection(ExtensibilityGlobals) = postSolution
		SolutionGuid = {F02BF0A7-2EA5-45ED-8CD3-D9E024D0FC3F}
	EndGlobalSection
EndGlobal
